
Microsoft Visual Studio Solution File, Format Version 12.00
# Visual Studio 15
VisualStudioVersion = 15.0.28307.572
MinimumVisualStudioVersion = 10.0.40219.1
Project("{FAE04EC0-301F-11D3-BF4B-00C04F79EFBC}") = "WebApplication8", "WebApplication8\WebApplication8.csproj", "{8540A5FF-78F6-4E12-B253-A49E10AE6A0D}"
EndProject
Global
	GlobalSection(SolutionConfigurationPlatforms) = preSolution
		Debug|Any CPU = Debug|Any CPU
		Release|Any CPU = Release|Any CPU
	EndGlobalSection
	GlobalSection(ProjectConfigurationPlatforms) = postSolution
		{8540A5FF-78F6-4E12-B253-A49E10AE6A0D}.Debug|Any CPU.ActiveCfg = Debug|Any CPU
		{8540A5FF-78F6-4E12-B253-A49E10AE6A0D}.Debug|Any CPU.Build.0 = Debug|Any CPU
		{8540A5FF-78F6-4E12-B253-A49E10AE6A0D}.Release|Any CPU.ActiveCfg = Release|Any CPU
		{8540A5FF-78F6-4E12-B253-A49E10AE6A0D}.Release|Any CPU.Build.0 = Release|Any CPU
	EndGlobalSection
	GlobalSection(SolutionProperties) = preSolution
		HideSolutionNode = FALSE
	EndGlobalSection
	GlobalSection(ExtensibilityGlobals) = postSolution
		SolutionGuid = {D7D8AFA0-DFFE-4F2D-8941-9B69AE5EA29E}
	EndGlobalSection
EndGlobal
